
Microsoft Visual Studio Solution File, Format Version 12.00
# Visual Studio Version 17
VisualStudioVersion = 17.8.34408.163
MinimumVisualStudioVersion = 10.0.40219.1
Project("{9A19103F-16F7-4668-BE54-9A1E7A4F7556}") = "ServerApp", "ServerApp\ServerApp.csproj", "{7DB32B9B-91C4-4079-818C-F23F12AB8E69}"
EndProject
Project("{FAE04EC0-301F-11D3-BF4B-00C04F79EFBC}") = "ClientApp", "ClientApp\ClientApp.csproj", "{E4490198-BF43-4647-B915-45C25E878BC2}"
EndProject
Global
	GlobalSection(SolutionConfigurationPlatforms) = preSolution
		Debug|Any CPU = Debug|Any CPU
		Release|Any CPU = Release|Any CPU
	EndGlobalSection
	GlobalSection(ProjectConfigurationPlatforms) = postSolution
		{7DB32B9B-91C4-4079-818C-F23F12AB8E69}.Debug|Any CPU.ActiveCfg = Debug|Any CPU
		{7DB32B9B-91C4-4079-818C-F23F12AB8E69}.Debug|Any CPU.Build.0 = Debug|Any CPU
		{7DB32B9B-91C4-4079-818C-F23F12AB8E69}.Release|Any CPU.ActiveCfg = Release|Any CPU
		{7DB32B9B-91C4-4079-818C-F23F12AB8E69}.Release|Any CPU.Build.0 = Release|Any CPU
		{E4490198-BF43-4647-B915-45C25E878BC2}.Debug|Any CPU.ActiveCfg = Debug|Any CPU
		{E4490198-BF43-4647-B915-45C25E878BC2}.Debug|Any CPU.Build.0 = Debug|Any CPU
		{E4490198-BF43-4647-B915-45C25E878BC2}.Release|Any CPU.ActiveCfg = Release|Any CPU
		{E4490198-BF43-4647-B915-45C25E878BC2}.Release|Any CPU.Build.0 = Release|Any CPU
	EndGlobalSection
	GlobalSection(SolutionProperties) = preSolution
		HideSolutionNode = FALSE
	EndGlobalSection
	GlobalSection(ExtensibilityGlobals) = postSolution
		SolutionGuid = {379E3DED-886D-40AB-AB66-01E83FB0599F}
	EndGlobalSection
EndGlobal
